// !$*UTF8*$!
{
	archiveVersion = 1;
	classes = {
	};
	objectVersion = 46;
	objects = {

/* Begin PBXBuildFile section */
		0B12864419C4DA7600ACB608 /* evaluador.mm in Sources */ = {isa = PBXBuildFile; fileRef = 0B12864119C4DA7600ACB608 /* evaluador.mm */; };
		0B12864519C4DA7600ACB608 /* mathexpr.mm in Sources */ = {isa = PBXBuildFile; fileRef = 0B12864319C4DA7600ACB608 /* mathexpr.mm */; };
		0B16885B19C4C86100D72D2A /* busquedaIncremental.mm in Sources */ = {isa = PBXBuildFile; fileRef = 0B16885A19C4C86100D72D2A /* busquedaIncremental.mm */; };
		0B78080C19D2687700D53F47 /* NewtonRaphson.mm in Sources */ = {isa = PBXBuildFile; fileRef = 0B78080B19D2687700D53F47 /* NewtonRaphson.mm */; };
		0B78080F19D269D600D53F47 /* newtonRaphsonTableViewController.mm in Sources */ = {isa = PBXBuildFile; fileRef = 0B78080E19D269D600D53F47 /* newtonRaphsonTableViewController.mm */; };
		0B78081219D2727800D53F47 /* secantTableViewController.mm in Sources */ = {isa = PBXBuildFile; fileRef = 0B78081119D2727800D53F47 /* secantTableViewController.mm */; };
		0B78081519D2728E00D53F47 /* secant.mm in Sources */ = {isa = PBXBuildFile; fileRef = 0B78081419D2728E00D53F47 /* secant.mm */; };
		0B78081819D276D500D53F47 /* multipleRoots.mm in Sources */ = {isa = PBXBuildFile; fileRef = 0B78081719D276D500D53F47 /* multipleRoots.mm */; };
		0B78081B19D2794400D53F47 /* multipleRootsTableViewController.m in Sources */ = {isa = PBXBuildFile; fileRef = 0B78081A19D2794400D53F47 /* multipleRootsTableViewController.m */; };
		0BC3DF6019C2662B00104ADF /* incremantalSearchTableViewController.mm in Sources */ = {isa = PBXBuildFile; fileRef = 0BC3DF5F19C2662B00104ADF /* incremantalSearchTableViewController.mm */; };
		0BE09DFF19CC6F0900670E79 /* bisection.mm in Sources */ = {isa = PBXBuildFile; fileRef = 0BE09DFE19CC6F0900670E79 /* bisection.mm */; };
		0BE09E0219CC736700670E79 /* bisectionTableViewController.mm in Sources */ = {isa = PBXBuildFile; fileRef = 0BE09E0119CC736700670E79 /* bisectionTableViewController.mm */; };
		0BE09E0519CD4CC400670E79 /* regulaFalsiTableViewController.mm in Sources */ = {isa = PBXBuildFile; fileRef = 0BE09E0419CD4CC400670E79 /* regulaFalsiTableViewController.mm */; };
		0BE09E0819CD4CD300670E79 /* regulaFalsi.mm in Sources */ = {isa = PBXBuildFile; fileRef = 0BE09E0719CD4CD300670E79 /* regulaFalsi.mm */; };
		0BE09E0B19CD531200670E79 /* setPoint.mm in Sources */ = {isa = PBXBuildFile; fileRef = 0BE09E0A19CD531200670E79 /* setPoint.mm */; };
		0BE09E0E19CD532A00670E79 /* setPointTableViewController.mm in Sources */ = {isa = PBXBuildFile; fileRef = 0BE09E0D19CD532A00670E79 /* setPointTableViewController.mm */; };
		6590C91519AFC0D600877D5C /* main.m in Sources */ = {isa = PBXBuildFile; fileRef = 6590C91419AFC0D600877D5C /* main.m */; };
		6590C91819AFC0D600877D5C /* AppDelegate.mm in Sources */ = {isa = PBXBuildFile; fileRef = 6590C91719AFC0D600877D5C /* AppDelegate.mm */; };
		6590C91E19AFC0D600877D5C /* Main.storyboard in Resources */ = {isa = PBXBuildFile; fileRef = 6590C91C19AFC0D600877D5C /* Main.storyboard */; };
		6590C92019AFC0D600877D5C /* Images.xcassets in Resources */ = {isa = PBXBuildFile; fileRef = 6590C91F19AFC0D600877D5C /* Images.xcassets */; };
		6590C92C19AFC0D600877D5C /* MethodsTests.m in Sources */ = {isa = PBXBuildFile; fileRef = 6590C92B19AFC0D600877D5C /* MethodsTests.m */; };
		6590C93719AFC16B00877D5C /* methodsTableViewController.mm in Sources */ = {isa = PBXBuildFile; fileRef = 6590C93619AFC16B00877D5C /* methodsTableViewController.mm */; };
/* End PBXBuildFile section */

/* Begin PBXContainerItemProxy section */
		6590C92619AFC0D600877D5C /* PBXContainerItemProxy */ = {
			isa = PBXContainerItemProxy;
			containerPortal = 6590C90719AFC0D600877D5C /* Project object */;
			proxyType = 1;
			remoteGlobalIDString = 6590C90E19AFC0D600877D5C;
			remoteInfo = Methods;
		};
/* End PBXContainerItemProxy section */

/* Begin PBXFileReference section */
		0B12864019C4DA7600ACB608 /* evaluador.h */ = {isa = PBXFileReference; fileEncoding = 4; lastKnownFileType = sourcecode.c.h; path = evaluador.h; sourceTree = "<group>"; };
		0B12864119C4DA7600ACB608 /* evaluador.mm */ = {isa = PBXFileReference; fileEncoding = 4; lastKnownFileType = sourcecode.cpp.objcpp; path = evaluador.mm; sourceTree = "<group>"; };
		0B12864219C4DA7600ACB608 /* mathexpr.h */ = {isa = PBXFileReference; fileEncoding = 4; lastKnownFileType = sourcecode.c.h; path = mathexpr.h; sourceTree = "<group>"; };
		0B12864319C4DA7600ACB608 /* mathexpr.mm */ = {isa = PBXFileReference; fileEncoding = 4; lastKnownFileType = sourcecode.cpp.objcpp; path = mathexpr.mm; sourceTree = "<group>"; };
		0B16885919C4C86100D72D2A /* busquedaIncremental.h */ = {isa = PBXFileReference; fileEncoding = 4; lastKnownFileType = sourcecode.c.h; path = busquedaIncremental.h; sourceTree = "<group>"; };
		0B16885A19C4C86100D72D2A /* busquedaIncremental.mm */ = {isa = PBXFileReference; fileEncoding = 4; lastKnownFileType = sourcecode.cpp.objcpp; path = busquedaIncremental.mm; sourceTree = "<group>"; };
		0B78080A19D2687700D53F47 /* NewtonRaphson.h */ = {isa = PBXFileReference; fileEncoding = 4; lastKnownFileType = sourcecode.c.h; path = NewtonRaphson.h; sourceTree = "<group>"; };
		0B78080B19D2687700D53F47 /* NewtonRaphson.mm */ = {isa = PBXFileReference; fileEncoding = 4; lastKnownFileType = sourcecode.cpp.objcpp; path = NewtonRaphson.mm; sourceTree = "<group>"; };
		0B78080D19D269D600D53F47 /* newtonRaphsonTableViewController.h */ = {isa = PBXFileReference; fileEncoding = 4; lastKnownFileType = sourcecode.c.h; path = newtonRaphsonTableViewController.h; sourceTree = "<group>"; };
		0B78080E19D269D600D53F47 /* newtonRaphsonTableViewController.mm */ = {isa = PBXFileReference; fileEncoding = 4; lastKnownFileType = sourcecode.cpp.objcpp; path = newtonRaphsonTableViewController.mm; sourceTree = "<group>"; };
		0B78081019D2727800D53F47 /* secantTableViewController.h */ = {isa = PBXFileReference; fileEncoding = 4; lastKnownFileType = sourcecode.c.h; path = secantTableViewController.h; sourceTree = "<group>"; };
		0B78081119D2727800D53F47 /* secantTableViewController.mm */ = {isa = PBXFileReference; fileEncoding = 4; lastKnownFileType = sourcecode.cpp.objcpp; path = secantTableViewController.mm; sourceTree = "<group>"; };
		0B78081319D2728E00D53F47 /* secant.h */ = {isa = PBXFileReference; fileEncoding = 4; lastKnownFileType = sourcecode.c.h; path = secant.h; sourceTree = "<group>"; };
		0B78081419D2728E00D53F47 /* secant.mm */ = {isa = PBXFileReference; fileEncoding = 4; lastKnownFileType = sourcecode.cpp.objcpp; path = secant.mm; sourceTree = "<group>"; };
		0B78081619D276D500D53F47 /* multipleRoots.h */ = {isa = PBXFileReference; fileEncoding = 4; lastKnownFileType = sourcecode.c.h; path = multipleRoots.h; sourceTree = "<group>"; };
		0B78081719D276D500D53F47 /* multipleRoots.mm */ = {isa = PBXFileReference; fileEncoding = 4; lastKnownFileType = sourcecode.cpp.objcpp; path = multipleRoots.mm; sourceTree = "<group>"; };
		0B78081919D2794400D53F47 /* multipleRootsTableViewController.h */ = {isa = PBXFileReference; fileEncoding = 4; lastKnownFileType = sourcecode.c.h; path = multipleRootsTableViewController.h; sourceTree = "<group>"; };
		0B78081A19D2794400D53F47 /* multipleRootsTableViewController.m */ = {isa = PBXFileReference; fileEncoding = 4; lastKnownFileType = sourcecode.c.objc; path = multipleRootsTableViewController.m; sourceTree = "<group>"; };
		0BC3DF5E19C2662B00104ADF /* incremantalSearchTableViewController.h */ = {isa = PBXFileReference; fileEncoding = 4; lastKnownFileType = sourcecode.c.h; name = incremantalSearchTableViewController.h; path = ../incremantalSearchTableViewController.h; sourceTree = "<group>"; };
		0BC3DF5F19C2662B00104ADF /* incremantalSearchTableViewController.mm */ = {isa = PBXFileReference; fileEncoding = 4; lastKnownFileType = sourcecode.cpp.objcpp; name = incremantalSearchTableViewController.mm; path = ../incremantalSearchTableViewController.mm; sourceTree = "<group>"; };
		0BE09DFD19CC6F0900670E79 /* bisection.h */ = {isa = PBXFileReference; fileEncoding = 4; lastKnownFileType = sourcecode.c.h; path = bisection.h; sourceTree = "<group>"; };
		0BE09DFE19CC6F0900670E79 /* bisection.mm */ = {isa = PBXFileReference; fileEncoding = 4; lastKnownFileType = sourcecode.cpp.objcpp; path = bisection.mm; sourceTree = "<group>"; };
		0BE09E0019CC736700670E79 /* bisectionTableViewController.h */ = {isa = PBXFileReference; fileEncoding = 4; lastKnownFileType = sourcecode.c.h; path = bisectionTableViewController.h; sourceTree = "<group>"; };
		0BE09E0119CC736700670E79 /* bisectionTableViewController.mm */ = {isa = PBXFileReference; fileEncoding = 4; lastKnownFileType = sourcecode.cpp.objcpp; path = bisectionTableViewController.mm; sourceTree = "<group>"; };
		0BE09E0319CD4CC400670E79 /* regulaFalsiTableViewController.h */ = {isa = PBXFileReference; fileEncoding = 4; lastKnownFileType = sourcecode.c.h; path = regulaFalsiTableViewController.h; sourceTree = "<group>"; };
		0BE09E0419CD4CC400670E79 /* regulaFalsiTableViewController.mm */ = {isa = PBXFileReference; fileEncoding = 4; lastKnownFileType = sourcecode.cpp.objcpp; path = regulaFalsiTableViewController.mm; sourceTree = "<group>"; };
		0BE09E0619CD4CD300670E79 /* regulaFalsi.h */ = {isa = PBXFileReference; fileEncoding = 4; lastKnownFileType = sourcecode.c.h; path = regulaFalsi.h; sourceTree = "<group>"; };
		0BE09E0719CD4CD300670E79 /* regulaFalsi.mm */ = {isa = PBXFileReference; fileEncoding = 4; lastKnownFileType = sourcecode.cpp.objcpp; path = regulaFalsi.mm; sourceTree = "<group>"; };
		0BE09E0919CD531200670E79 /* setPoint.h */ = {isa = PBXFileReference; fileEncoding = 4; lastKnownFileType = sourcecode.c.h; path = setPoint.h; sourceTree = "<group>"; };
		0BE09E0A19CD531200670E79 /* setPoint.mm */ = {isa = PBXFileReference; fileEncoding = 4; lastKnownFileType = sourcecode.cpp.objcpp; path = setPoint.mm; sourceTree = "<group>"; };
		0BE09E0C19CD532A00670E79 /* setPointTableViewController.h */ = {isa = PBXFileReference; fileEncoding = 4; lastKnownFileType = sourcecode.c.h; path = setPointTableViewController.h; sourceTree = "<group>"; };
		0BE09E0D19CD532A00670E79 /* setPointTableViewController.mm */ = {isa = PBXFileReference; fileEncoding = 4; lastKnownFileType = sourcecode.cpp.objcpp; path = setPointTableViewController.mm; sourceTree = "<group>"; };
		6590C90F19AFC0D600877D5C /* Methods.app */ = {isa = PBXFileReference; explicitFileType = wrapper.application; includeInIndex = 0; path = Methods.app; sourceTree = BUILT_PRODUCTS_DIR; };
		6590C91319AFC0D600877D5C /* Info.plist */ = {isa = PBXFileReference; lastKnownFileType = text.plist.xml; path = Info.plist; sourceTree = "<group>"; };
		6590C91419AFC0D600877D5C /* main.m */ = {isa = PBXFileReference; lastKnownFileType = sourcecode.c.objc; path = main.m; sourceTree = "<group>"; };
		6590C91619AFC0D600877D5C /* AppDelegate.h */ = {isa = PBXFileReference; lastKnownFileType = sourcecode.c.h; path = AppDelegate.h; sourceTree = "<group>"; };
		6590C91719AFC0D600877D5C /* AppDelegate.mm */ = {isa = PBXFileReference; lastKnownFileType = sourcecode.cpp.objcpp; path = AppDelegate.mm; sourceTree = "<group>"; };
		6590C91D19AFC0D600877D5C /* Base */ = {isa = PBXFileReference; lastKnownFileType = file.storyboard; name = Base; path = Base.lproj/Main.storyboard; sourceTree = "<group>"; };
		6590C91F19AFC0D600877D5C /* Images.xcassets */ = {isa = PBXFileReference; lastKnownFileType = folder.assetcatalog; path = Images.xcassets; sourceTree = "<group>"; };
		6590C92519AFC0D600877D5C /* MethodsTests.xctest */ = {isa = PBXFileReference; explicitFileType = wrapper.cfbundle; includeInIndex = 0; path = MethodsTests.xctest; sourceTree = BUILT_PRODUCTS_DIR; };
		6590C92A19AFC0D600877D5C /* Info.plist */ = {isa = PBXFileReference; lastKnownFileType = text.plist.xml; path = Info.plist; sourceTree = "<group>"; };
		6590C92B19AFC0D600877D5C /* MethodsTests.m */ = {isa = PBXFileReference; lastKnownFileType = sourcecode.c.objc; path = MethodsTests.m; sourceTree = "<group>"; };
		6590C93519AFC16B00877D5C /* methodsTableViewController.h */ = {isa = PBXFileReference; fileEncoding = 4; lastKnownFileType = sourcecode.c.h; name = methodsTableViewController.h; path = ../methodsTableViewController.h; sourceTree = "<group>"; };
		6590C93619AFC16B00877D5C /* methodsTableViewController.mm */ = {isa = PBXFileReference; fileEncoding = 4; lastKnownFileType = sourcecode.cpp.objcpp; name = methodsTableViewController.mm; path = ../methodsTableViewController.mm; sourceTree = "<group>"; };
/* End PBXFileReference section */

/* Begin PBXFrameworksBuildPhase section */
		6590C90C19AFC0D600877D5C /* Frameworks */ = {
			isa = PBXFrameworksBuildPhase;
			buildActionMask = 2147483647;
			files = (
			);
			runOnlyForDeploymentPostprocessing = 0;
		};
		6590C92219AFC0D600877D5C /* Frameworks */ = {
			isa = PBXFrameworksBuildPhase;
			buildActionMask = 2147483647;
			files = (
			);
			runOnlyForDeploymentPostprocessing = 0;
		};
/* End PBXFrameworksBuildPhase section */

/* Begin PBXGroup section */
		6590C90619AFC0D600877D5C = {
			isa = PBXGroup;
			children = (
				6590C91119AFC0D600877D5C /* Methods */,
				6590C92819AFC0D600877D5C /* MethodsTests */,
				6590C91019AFC0D600877D5C /* Products */,
			);
			sourceTree = "<group>";
		};
		6590C91019AFC0D600877D5C /* Products */ = {
			isa = PBXGroup;
			children = (
				6590C90F19AFC0D600877D5C /* Methods.app */,
				6590C92519AFC0D600877D5C /* MethodsTests.xctest */,
			);
			name = Products;
			sourceTree = "<group>";
		};
		6590C91119AFC0D600877D5C /* Methods */ = {
			isa = PBXGroup;
			children = (
				0B16885919C4C86100D72D2A /* busquedaIncremental.h */,
				0B16885A19C4C86100D72D2A /* busquedaIncremental.mm */,
				0BC3DF5E19C2662B00104ADF /* incremantalSearchTableViewController.h */,
				0BC3DF5F19C2662B00104ADF /* incremantalSearchTableViewController.mm */,
				0BE09DFD19CC6F0900670E79 /* bisection.h */,
				0BE09DFE19CC6F0900670E79 /* bisection.mm */,
				0BE09E0019CC736700670E79 /* bisectionTableViewController.h */,
				0BE09E0119CC736700670E79 /* bisectionTableViewController.mm */,
				0BE09E0619CD4CD300670E79 /* regulaFalsi.h */,
				0BE09E0719CD4CD300670E79 /* regulaFalsi.mm */,
				0BE09E0319CD4CC400670E79 /* regulaFalsiTableViewController.h */,
				0BE09E0419CD4CC400670E79 /* regulaFalsiTableViewController.mm */,
				0BE09E0919CD531200670E79 /* setPoint.h */,
				0BE09E0A19CD531200670E79 /* setPoint.mm */,
				0BE09E0C19CD532A00670E79 /* setPointTableViewController.h */,
				0BE09E0D19CD532A00670E79 /* setPointTableViewController.mm */,
				0B78080A19D2687700D53F47 /* NewtonRaphson.h */,
				0B78080B19D2687700D53F47 /* NewtonRaphson.mm */,
				0B78080D19D269D600D53F47 /* newtonRaphsonTableViewController.h */,
				0B78080E19D269D600D53F47 /* newtonRaphsonTableViewController.mm */,
				0B78081319D2728E00D53F47 /* secant.h */,
				0B78081419D2728E00D53F47 /* secant.mm */,
				0B78081019D2727800D53F47 /* secantTableViewController.h */,
				0B78081119D2727800D53F47 /* secantTableViewController.mm */,
				0B78081619D276D500D53F47 /* multipleRoots.h */,
				0B78081719D276D500D53F47 /* multipleRoots.mm */,
				0B78081919D2794400D53F47 /* multipleRootsTableViewController.h */,
				0B78081A19D2794400D53F47 /* multipleRootsTableViewController.m */,
				0B12864019C4DA7600ACB608 /* evaluador.h */,
				0B12864119C4DA7600ACB608 /* evaluador.mm */,
				0B12864219C4DA7600ACB608 /* mathexpr.h */,
				0B12864319C4DA7600ACB608 /* mathexpr.mm */,
				6590C93519AFC16B00877D5C /* methodsTableViewController.h */,
				6590C93619AFC16B00877D5C /* methodsTableViewController.mm */,
				6590C91619AFC0D600877D5C /* AppDelegate.h */,
				6590C91719AFC0D600877D5C /* AppDelegate.mm */,
				6590C91C19AFC0D600877D5C /* Main.storyboard */,
				6590C91F19AFC0D600877D5C /* Images.xcassets */,
				6590C91219AFC0D600877D5C /* Supporting Files */,
			);
			path = Methods;
			sourceTree = "<group>";
		};
		6590C91219AFC0D600877D5C /* Supporting Files */ = {
			isa = PBXGroup;
			children = (
				6590C91319AFC0D600877D5C /* Info.plist */,
				6590C91419AFC0D600877D5C /* main.m */,
			);
			name = "Supporting Files";
			sourceTree = "<group>";
		};
		6590C92819AFC0D600877D5C /* MethodsTests */ = {
			isa = PBXGroup;
			children = (
				6590C92B19AFC0D600877D5C /* MethodsTests.m */,
				6590C92919AFC0D600877D5C /* Supporting Files */,
			);
			path = MethodsTests;
			sourceTree = "<group>";
		};
		6590C92919AFC0D600877D5C /* Supporting Files */ = {
			isa = PBXGroup;
			children = (
				6590C92A19AFC0D600877D5C /* Info.plist */,
			);
			name = "Supporting Files";
			sourceTree = "<group>";
		};
/* End PBXGroup section */

/* Begin PBXNativeTarget section */
		6590C90E19AFC0D600877D5C /* Methods */ = {
			isa = PBXNativeTarget;
			buildConfigurationList = 6590C92F19AFC0D600877D5C /* Build configuration list for PBXNativeTarget "Methods" */;
			buildPhases = (
				6590C90B19AFC0D600877D5C /* Sources */,
				6590C90C19AFC0D600877D5C /* Frameworks */,
				6590C90D19AFC0D600877D5C /* Resources */,
			);
			buildRules = (
			);
			dependencies = (
			);
			name = Methods;
			productName = Methods;
			productReference = 6590C90F19AFC0D600877D5C /* Methods.app */;
			productType = "com.apple.product-type.application";
		};
		6590C92419AFC0D600877D5C /* MethodsTests */ = {
			isa = PBXNativeTarget;
			buildConfigurationList = 6590C93219AFC0D600877D5C /* Build configuration list for PBXNativeTarget "MethodsTests" */;
			buildPhases = (
				6590C92119AFC0D600877D5C /* Sources */,
				6590C92219AFC0D600877D5C /* Frameworks */,
				6590C92319AFC0D600877D5C /* Resources */,
			);
			buildRules = (
			);
			dependencies = (
				6590C92719AFC0D600877D5C /* PBXTargetDependency */,
			);
			name = MethodsTests;
			productName = MethodsTests;
			productReference = 6590C92519AFC0D600877D5C /* MethodsTests.xctest */;
			productType = "com.apple.product-type.bundle.unit-test";
		};
/* End PBXNativeTarget section */

/* Begin PBXProject section */
		6590C90719AFC0D600877D5C /* Project object */ = {
			isa = PBXProject;
			attributes = {
				LastUpgradeCheck = 0600;
				ORGANIZATIONNAME = _danielKlinkert_;
				TargetAttributes = {
					6590C90E19AFC0D600877D5C = {
						CreatedOnToolsVersion = 6.0;
						DevelopmentTeam = 9DGN3WV4YY;
					};
					6590C92419AFC0D600877D5C = {
						CreatedOnToolsVersion = 6.0;
						TestTargetID = 6590C90E19AFC0D600877D5C;
					};
				};
			};
			buildConfigurationList = 6590C90A19AFC0D600877D5C /* Build configuration list for PBXProject "Methods" */;
			compatibilityVersion = "Xcode 3.2";
			developmentRegion = English;
			hasScannedForEncodings = 0;
			knownRegions = (
				en,
				Base,
			);
			mainGroup = 6590C90619AFC0D600877D5C;
			productRefGroup = 6590C91019AFC0D600877D5C /* Products */;
			projectDirPath = "";
			projectRoot = "";
			targets = (
				6590C90E19AFC0D600877D5C /* Methods */,
				6590C92419AFC0D600877D5C /* MethodsTests */,
			);
		};
/* End PBXProject section */

/* Begin PBXResourcesBuildPhase section */
		6590C90D19AFC0D600877D5C /* Resources */ = {
			isa = PBXResourcesBuildPhase;
			buildActionMask = 2147483647;
			files = (
				6590C91E19AFC0D600877D5C /* Main.storyboard in Resources */,
				6590C92019AFC0D600877D5C /* Images.xcassets in Resources */,
			);
			runOnlyForDeploymentPostprocessing = 0;
		};
		6590C92319AFC0D600877D5C /* Resources */ = {
			isa = PBXResourcesBuildPhase;
			buildActionMask = 2147483647;
			files = (
			);
			runOnlyForDeploymentPostprocessing = 0;
		};
/* End PBXResourcesBuildPhase section */

/* Begin PBXSourcesBuildPhase section */
		6590C90B19AFC0D600877D5C /* Sources */ = {
			isa = PBXSourcesBuildPhase;
			buildActionMask = 2147483647;
			files = (
				0BC3DF6019C2662B00104ADF /* incremantalSearchTableViewController.mm in Sources */,
				0B12864419C4DA7600ACB608 /* evaluador.mm in Sources */,
				0BE09E0519CD4CC400670E79 /* regulaFalsiTableViewController.mm in Sources */,
				0BE09E0B19CD531200670E79 /* setPoint.mm in Sources */,
				6590C91819AFC0D600877D5C /* AppDelegate.mm in Sources */,
				0B78080F19D269D600D53F47 /* newtonRaphsonTableViewController.mm in Sources */,
				0BE09E0819CD4CD300670E79 /* regulaFalsi.mm in Sources */,
				6590C93719AFC16B00877D5C /* methodsTableViewController.mm in Sources */,
				0B78081519D2728E00D53F47 /* secant.mm in Sources */,
				0BE09E0219CC736700670E79 /* bisectionTableViewController.mm in Sources */,
				0B12864519C4DA7600ACB608 /* mathexpr.mm in Sources */,
				0B78081819D276D500D53F47 /* multipleRoots.mm in Sources */,
				6590C91519AFC0D600877D5C /* main.m in Sources */,
				0B78081219D2727800D53F47 /* secantTableViewController.mm in Sources */,
				0B78080C19D2687700D53F47 /* NewtonRaphson.mm in Sources */,
				0BE09DFF19CC6F0900670E79 /* bisection.mm in Sources */,
				0B78081B19D2794400D53F47 /* multipleRootsTableViewController.m in Sources */,
				0B16885B19C4C86100D72D2A /* busquedaIncremental.mm in Sources */,
				0BE09E0E19CD532A00670E79 /* setPointTableViewController.mm in Sources */,
			);
			runOnlyForDeploymentPostprocessing = 0;
		};
		6590C92119AFC0D600877D5C /* Sources */ = {
			isa = PBXSourcesBuildPhase;
			buildActionMask = 2147483647;
			files = (
				6590C92C19AFC0D600877D5C /* MethodsTests.m in Sources */,
			);
			runOnlyForDeploymentPostprocessing = 0;
		};
/* End PBXSourcesBuildPhase section */

/* Begin PBXTargetDependency section */
		6590C92719AFC0D600877D5C /* PBXTargetDependency */ = {
			isa = PBXTargetDependency;
			target = 6590C90E19AFC0D600877D5C /* Methods */;
			targetProxy = 6590C92619AFC0D600877D5C /* PBXContainerItemProxy */;
		};
/* End PBXTargetDependency section */

/* Begin PBXVariantGroup section */
		6590C91C19AFC0D600877D5C /* Main.storyboard */ = {
			isa = PBXVariantGroup;
			children = (
				6590C91D19AFC0D600877D5C /* Base */,
			);
			name = Main.storyboard;
			sourceTree = "<group>";
		};
/* End PBXVariantGroup section */

/* Begin XCBuildConfiguration section */
		6590C92D19AFC0D600877D5C /* Debug */ = {
			isa = XCBuildConfiguration;
			buildSettings = {
				ALWAYS_SEARCH_USER_PATHS = NO;
				CLANG_CXX_LANGUAGE_STANDARD = "gnu++0x";
				CLANG_CXX_LIBRARY = "libc++";
				CLANG_ENABLE_MODULES = YES;
				CLANG_ENABLE_OBJC_ARC = YES;
				CLANG_WARN_BOOL_CONVERSION = YES;
				CLANG_WARN_CONSTANT_CONVERSION = YES;
				CLANG_WARN_DIRECT_OBJC_ISA_USAGE = YES_ERROR;
				CLANG_WARN_EMPTY_BODY = YES;
				CLANG_WARN_ENUM_CONVERSION = YES;
				CLANG_WARN_INT_CONVERSION = YES;
				CLANG_WARN_OBJC_ROOT_CLASS = YES_ERROR;
				CLANG_WARN_UNREACHABLE_CODE = YES;
				CLANG_WARN__DUPLICATE_METHOD_MATCH = YES;
				"CODE_SIGN_IDENTITY[sdk=iphoneos*]" = "iPhone Developer";
				COPY_PHASE_STRIP = NO;
				ENABLE_STRICT_OBJC_MSGSEND = YES;
				GCC_C_LANGUAGE_STANDARD = gnu99;
				GCC_DYNAMIC_NO_PIC = NO;
				GCC_OPTIMIZATION_LEVEL = 0;
				GCC_PREPROCESSOR_DEFINITIONS = (
					"DEBUG=1",
					"$(inherited)",
				);
				GCC_SYMBOLS_PRIVATE_EXTERN = NO;
				GCC_WARN_64_TO_32_BIT_CONVERSION = YES;
				GCC_WARN_ABOUT_RETURN_TYPE = YES_ERROR;
				GCC_WARN_UNDECLARED_SELECTOR = YES;
				GCC_WARN_UNINITIALIZED_AUTOS = YES_AGGRESSIVE;
				GCC_WARN_UNUSED_FUNCTION = YES;
				GCC_WARN_UNUSED_VARIABLE = YES;
				IPHONEOS_DEPLOYMENT_TARGET = 8.0;
				MTL_ENABLE_DEBUG_INFO = YES;
				ONLY_ACTIVE_ARCH = YES;
				SDKROOT = iphoneos;
			};
			name = Debug;
		};
		6590C92E19AFC0D600877D5C /* Release */ = {
			isa = XCBuildConfiguration;
			buildSettings = {
				ALWAYS_SEARCH_USER_PATHS = NO;
				CLANG_CXX_LANGUAGE_STANDARD = "gnu++0x";
				CLANG_CXX_LIBRARY = "libc++";
				CLANG_ENABLE_MODULES = YES;
				CLANG_ENABLE_OBJC_ARC = YES;
				CLANG_WARN_BOOL_CONVERSION = YES;
				CLANG_WARN_CONSTANT_CONVERSION = YES;
				CLANG_WARN_DIRECT_OBJC_ISA_USAGE = YES_ERROR;
				CLANG_WARN_EMPTY_BODY = YES;
				CLANG_WARN_ENUM_CONVERSION = YES;
				CLANG_WARN_INT_CONVERSION = YES;
				CLANG_WARN_OBJC_ROOT_CLASS = YES_ERROR;
				CLANG_WARN_UNREACHABLE_CODE = YES;
				CLANG_WARN__DUPLICATE_METHOD_MATCH = YES;
				"CODE_SIGN_IDENTITY[sdk=iphoneos*]" = "iPhone Developer";
				COPY_PHASE_STRIP = YES;
				ENABLE_NS_ASSERTIONS = NO;
				ENABLE_STRICT_OBJC_MSGSEND = YES;
				GCC_C_LANGUAGE_STANDARD = gnu99;
				GCC_WARN_64_TO_32_BIT_CONVERSION = YES;
				GCC_WARN_ABOUT_RETURN_TYPE = YES_ERROR;
				GCC_WARN_UNDECLARED_SELECTOR = YES;
				GCC_WARN_UNINITIALIZED_AUTOS = YES_AGGRESSIVE;
				GCC_WARN_UNUSED_FUNCTION = YES;
				GCC_WARN_UNUSED_VARIABLE = YES;
				IPHONEOS_DEPLOYMENT_TARGET = 8.0;
				MTL_ENABLE_DEBUG_INFO = NO;
				SDKROOT = iphoneos;
				VALIDATE_PRODUCT = YES;
			};
			name = Release;
		};
		6590C93019AFC0D600877D5C /* Debug */ = {
			isa = XCBuildConfiguration;
			buildSettings = {
				ASSETCATALOG_COMPILER_APPICON_NAME = AppIcon;
				ASSETCATALOG_COMPILER_LAUNCHIMAGE_NAME = LaunchImage;
				CODE_SIGN_IDENTITY = "iPhone Developer";
				INFOPLIST_FILE = Methods/Info.plist;
				IPHONEOS_DEPLOYMENT_TARGET = 7.0;
				LD_RUNPATH_SEARCH_PATHS = "$(inherited) @executable_path/Frameworks";
				PRODUCT_NAME = "$(TARGET_NAME)";
			};
			name = Debug;
		};
		6590C93119AFC0D600877D5C /* Release */ = {
			isa = XCBuildConfiguration;
			buildSettings = {
				ASSETCATALOG_COMPILER_APPICON_NAME = AppIcon;
				ASSETCATALOG_COMPILER_LAUNCHIMAGE_NAME = LaunchImage;
				CODE_SIGN_IDENTITY = "iPhone Developer";
				INFOPLIST_FILE = Methods/Info.plist;
				IPHONEOS_DEPLOYMENT_TARGET = 7.0;
				LD_RUNPATH_SEARCH_PATHS = "$(inherited) @executable_path/Frameworks";
				PRODUCT_NAME = "$(TARGET_NAME)";
			};
			name = Release;
		};
		6590C93319AFC0D600877D5C /* Debug */ = {
			isa = XCBuildConfiguration;
			buildSettings = {
				BUNDLE_LOADER = "$(TEST_HOST)";
				FRAMEWORK_SEARCH_PATHS = (
					"$(SDKROOT)/Developer/Library/Frameworks",
					"$(inherited)",
				);
				GCC_PREPROCESSOR_DEFINITIONS = (
					"DEBUG=1",
					"$(inherited)",
				);
				INFOPLIST_FILE = MethodsTests/Info.plist;
				IPHONEOS_DEPLOYMENT_TARGET = 7.1;
				LD_RUNPATH_SEARCH_PATHS = "$(inherited) @executable_path/Frameworks @loader_path/Frameworks";
				PRODUCT_NAME = "$(TARGET_NAME)";
				TEST_HOST = "$(BUILT_PRODUCTS_DIR)/Methods.app/Methods";
			};
			name = Debug;
		};
		6590C93419AFC0D600877D5C /* Release */ = {
			isa = XCBuildConfiguration;
			buildSettings = {
				BUNDLE_LOADER = "$(TEST_HOST)";
				FRAMEWORK_SEARCH_PATHS = (
					"$(SDKROOT)/Developer/Library/Frameworks",
					"$(inherited)",
				);
				INFOPLIST_FILE = MethodsTests/Info.plist;
				IPHONEOS_DEPLOYMENT_TARGET = 7.1;
				LD_RUNPATH_SEARCH_PATHS = "$(inherited) @executable_path/Frameworks @loader_path/Frameworks";
				PRODUCT_NAME = "$(TARGET_NAME)";
				TEST_HOST = "$(BUILT_PRODUCTS_DIR)/Methods.app/Methods";
			};
			name = Release;
		};
/* End XCBuildConfiguration section */

/* Begin XCConfigurationList section */
		6590C90A19AFC0D600877D5C /* Build configuration list for PBXProject "Methods" */ = {
			isa = XCConfigurationList;
			buildConfigurations = (
				6590C92D19AFC0D600877D5C /* Debug */,
				6590C92E19AFC0D600877D5C /* Release */,
			);
			defaultConfigurationIsVisible = 0;
			defaultConfigurationName = Release;
		};
		6590C92F19AFC0D600877D5C /* Build configuration list for PBXNativeTarget "Methods" */ = {
			isa = XCConfigurationList;
			buildConfigurations = (
				6590C93019AFC0D600877D5C /* Debug */,
				6590C93119AFC0D600877D5C /* Release */,
			);
			defaultConfigurationIsVisible = 0;
			defaultConfigurationName = Release;
		};
		6590C93219AFC0D600877D5C /* Build configuration list for PBXNativeTarget "MethodsTests" */ = {
			isa = XCConfigurationList;
			buildConfigurations = (
				6590C93319AFC0D600877D5C /* Debug */,
				6590C93419AFC0D600877D5C /* Release */,
			);
			defaultConfigurationIsVisible = 0;
			defaultConfigurationName = Release;
		};
/* End XCConfigurationList section */
	};
	rootObject = 6590C90719AFC0D600877D5C /* Project object */;
}
